
Microsoft Visual Studio Solution File, Format Version 12.00
# Visual Studio Version 17
VisualStudioVersion = 17.4.33213.308
MinimumVisualStudioVersion = 10.0.40219.1
Project("{FAE04EC0-301F-11D3-BF4B-00C04F79EFBC}") = "Core", "Core\Core.csproj", "{630F08B0-0080-41AE-BA39-63336904E827}"
EndProject
Project("{FAE04EC0-301F-11D3-BF4B-00C04F79EFBC}") = "Service", "Service\Service.csproj", "{BEEB32F6-ACD9-40F0-8CAB-9494C811B3AD}"
EndProject
Project("{FAE04EC0-301F-11D3-BF4B-00C04F79EFBC}") = "API", "API\API.csproj", "{1375837A-5446-49FE-A26B-1BDB82E9A920}"
EndProject
Global
	GlobalSection(SolutionConfigurationPlatforms) = preSolution
		Debug|Any CPU = Debug|Any CPU
		Release|Any CPU = Release|Any CPU
	EndGlobalSection
	GlobalSection(ProjectConfigurationPlatforms) = postSolution
		{630F08B0-0080-41AE-BA39-63336904E827}.Debug|Any CPU.ActiveCfg = Debug|Any CPU
		{630F08B0-0080-41AE-BA39-63336904E827}.Debug|Any CPU.Build.0 = Debug|Any CPU
		{630F08B0-0080-41AE-BA39-63336904E827}.Release|Any CPU.ActiveCfg = Release|Any CPU
		{630F08B0-0080-41AE-BA39-63336904E827}.Release|Any CPU.Build.0 = Release|Any CPU
		{BEEB32F6-ACD9-40F0-8CAB-9494C811B3AD}.Debug|Any CPU.ActiveCfg = Debug|Any CPU
		{BEEB32F6-ACD9-40F0-8CAB-9494C811B3AD}.Debug|Any CPU.Build.0 = Debug|Any CPU
		{BEEB32F6-ACD9-40F0-8CAB-9494C811B3AD}.Release|Any CPU.ActiveCfg = Release|Any CPU
		{BEEB32F6-ACD9-40F0-8CAB-9494C811B3AD}.Release|Any CPU.Build.0 = Release|Any CPU
		{1375837A-5446-49FE-A26B-1BDB82E9A920}.Debug|Any CPU.ActiveCfg = Debug|Any CPU
		{1375837A-5446-49FE-A26B-1BDB82E9A920}.Debug|Any CPU.Build.0 = Debug|Any CPU
		{1375837A-5446-49FE-A26B-1BDB82E9A920}.Release|Any CPU.ActiveCfg = Release|Any CPU
		{1375837A-5446-49FE-A26B-1BDB82E9A920}.Release|Any CPU.Build.0 = Release|Any CPU
	EndGlobalSection
	GlobalSection(SolutionProperties) = preSolution
		HideSolutionNode = FALSE
	EndGlobalSection
	GlobalSection(ExtensibilityGlobals) = postSolution
		SolutionGuid = {F451DABF-3166-4570-B9BC-2C2B955D2576}
	EndGlobalSection
EndGlobal
